
Microsoft Visual Studio Solution File, Format Version 12.00
# Visual Studio Version 17
VisualStudioVersion = 17.0.31903.59
MinimumVisualStudioVersion = 10.0.40219.1
Project("{FAE04EC0-301F-11D3-BF4B-00C04F79EFBC}") = "Corevia.Localization", "CoreviaLocalizer\Corevia.Localization.csproj", "{EEADC2D8-18EC-36D2-B125-C555CD84FDCB}"
EndProject
Global
	GlobalSection(SolutionConfigurationPlatforms) = preSolution
		Debug|Any CPU = Debug|Any CPU
		Release|Any CPU = Release|Any CPU
	EndGlobalSection
	GlobalSection(ProjectConfigurationPlatforms) = postSolution
		{EEADC2D8-18EC-36D2-B125-C555CD84FDCB}.Debug|Any CPU.ActiveCfg = Debug|Any CPU
		{EEADC2D8-18EC-36D2-B125-C555CD84FDCB}.Debug|Any CPU.Build.0 = Debug|Any CPU
		{EEADC2D8-18EC-36D2-B125-C555CD84FDCB}.Release|Any CPU.ActiveCfg = Release|Any CPU
		{EEADC2D8-18EC-36D2-B125-C555CD84FDCB}.Release|Any CPU.Build.0 = Release|Any CPU
	EndGlobalSection
	GlobalSection(SolutionProperties) = preSolution
		HideSolutionNode = FALSE
	EndGlobalSection
	GlobalSection(ExtensibilityGlobals) = postSolution
		SolutionGuid = {4024D065-FF58-40E5-8B3E-AA5C06CC87D0}
	EndGlobalSection
EndGlobal
